
Microsoft Visual Studio Solution File, Format Version 12.00
# Visual Studio Version 17
VisualStudioVersion = 17.14.36221.1
MinimumVisualStudioVersion = 10.0.40219.1
Project("{FAE04EC0-301F-11D3-BF4B-00C04F79EFBC}") = "Generics", "SecondMeeting\Generics.csproj", "{DEC193A8-8E6D-449D-AB18-669672D78EC2}"
EndProject
Project("{FAE04EC0-301F-11D3-BF4B-00C04F79EFBC}") = "List", "List\List.csproj", "{53CF2353-7EE5-4C82-BB02-2C20354A7CA6}"
EndProject
Project("{FAE04EC0-301F-11D3-BF4B-00C04F79EFBC}") = "Dictionary", "Dictionary\Dictionary.csproj", "{B8D7068F-2F4D-45AC-B096-B21D9DB92ED1}"
EndProject
Project("{FAE04EC0-301F-11D3-BF4B-00C04F79EFBC}") = "ArrayList", "ArrayList\ArrayList.csproj", "{DE6187FA-77FF-470A-821F-5B4B14BAC8CD}"
EndProject
Project("{FAE04EC0-301F-11D3-BF4B-00C04F79EFBC}") = "Array", "Array\Array.csproj", "{C5A60102-1CE4-4BC0-8952-65935000EA6D}"
EndProject
Project("{FAE04EC0-301F-11D3-BF4B-00C04F79EFBC}") = "Asynchronous", "Asynchronous\Asynchronous.csproj", "{3164BC0D-5E21-44C4-AF72-8E3B9102537E}"
EndProject
Project("{FAE04EC0-301F-11D3-BF4B-00C04F79EFBC}") = "Note", "Note\Note.csproj", "{01E2F256-4718-4243-814B-9BD4805D0161}"
EndProject
Project("{FAE04EC0-301F-11D3-BF4B-00C04F79EFBC}") = "Synchronous", "Synchronous\Synchronous.csproj", "{BFD4674A-2E99-434C-B842-0EC26DE37E9D}"
EndProject
Global
	GlobalSection(SolutionConfigurationPlatforms) = preSolution
		Debug|Any CPU = Debug|Any CPU
		Release|Any CPU = Release|Any CPU
	EndGlobalSection
	GlobalSection(ProjectConfigurationPlatforms) = postSolution
		{DEC193A8-8E6D-449D-AB18-669672D78EC2}.Debug|Any CPU.ActiveCfg = Debug|Any CPU
		{DEC193A8-8E6D-449D-AB18-669672D78EC2}.Debug|Any CPU.Build.0 = Debug|Any CPU
		{DEC193A8-8E6D-449D-AB18-669672D78EC2}.Release|Any CPU.ActiveCfg = Release|Any CPU
		{DEC193A8-8E6D-449D-AB18-669672D78EC2}.Release|Any CPU.Build.0 = Release|Any CPU
		{53CF2353-7EE5-4C82-BB02-2C20354A7CA6}.Debug|Any CPU.ActiveCfg = Debug|Any CPU
		{53CF2353-7EE5-4C82-BB02-2C20354A7CA6}.Debug|Any CPU.Build.0 = Debug|Any CPU
		{53CF2353-7EE5-4C82-BB02-2C20354A7CA6}.Release|Any CPU.ActiveCfg = Release|Any CPU
		{53CF2353-7EE5-4C82-BB02-2C20354A7CA6}.Release|Any CPU.Build.0 = Release|Any CPU
		{B8D7068F-2F4D-45AC-B096-B21D9DB92ED1}.Debug|Any CPU.ActiveCfg = Debug|Any CPU
		{B8D7068F-2F4D-45AC-B096-B21D9DB92ED1}.Debug|Any CPU.Build.0 = Debug|Any CPU
		{B8D7068F-2F4D-45AC-B096-B21D9DB92ED1}.Release|Any CPU.ActiveCfg = Release|Any CPU
		{B8D7068F-2F4D-45AC-B096-B21D9DB92ED1}.Release|Any CPU.Build.0 = Release|Any CPU
		{DE6187FA-77FF-470A-821F-5B4B14BAC8CD}.Debug|Any CPU.ActiveCfg = Debug|Any CPU
		{DE6187FA-77FF-470A-821F-5B4B14BAC8CD}.Debug|Any CPU.Build.0 = Debug|Any CPU
		{DE6187FA-77FF-470A-821F-5B4B14BAC8CD}.Release|Any CPU.ActiveCfg = Release|Any CPU
		{DE6187FA-77FF-470A-821F-5B4B14BAC8CD}.Release|Any CPU.Build.0 = Release|Any CPU
		{C5A60102-1CE4-4BC0-8952-65935000EA6D}.Debug|Any CPU.ActiveCfg = Debug|Any CPU
		{C5A60102-1CE4-4BC0-8952-65935000EA6D}.Debug|Any CPU.Build.0 = Debug|Any CPU
		{C5A60102-1CE4-4BC0-8952-65935000EA6D}.Release|Any CPU.ActiveCfg = Release|Any CPU
		{C5A60102-1CE4-4BC0-8952-65935000EA6D}.Release|Any CPU.Build.0 = Release|Any CPU
		{3164BC0D-5E21-44C4-AF72-8E3B9102537E}.Debug|Any CPU.ActiveCfg = Debug|Any CPU
		{3164BC0D-5E21-44C4-AF72-8E3B9102537E}.Debug|Any CPU.Build.0 = Debug|Any CPU
		{3164BC0D-5E21-44C4-AF72-8E3B9102537E}.Release|Any CPU.ActiveCfg = Release|Any CPU
		{3164BC0D-5E21-44C4-AF72-8E3B9102537E}.Release|Any CPU.Build.0 = Release|Any CPU
		{01E2F256-4718-4243-814B-9BD4805D0161}.Debug|Any CPU.ActiveCfg = Debug|Any CPU
		{01E2F256-4718-4243-814B-9BD4805D0161}.Debug|Any CPU.Build.0 = Debug|Any CPU
		{01E2F256-4718-4243-814B-9BD4805D0161}.Release|Any CPU.ActiveCfg = Release|Any CPU
		{01E2F256-4718-4243-814B-9BD4805D0161}.Release|Any CPU.Build.0 = Release|Any CPU
		{BFD4674A-2E99-434C-B842-0EC26DE37E9D}.Debug|Any CPU.ActiveCfg = Debug|Any CPU
		{BFD4674A-2E99-434C-B842-0EC26DE37E9D}.Debug|Any CPU.Build.0 = Debug|Any CPU
		{BFD4674A-2E99-434C-B842-0EC26DE37E9D}.Release|Any CPU.ActiveCfg = Release|Any CPU
		{BFD4674A-2E99-434C-B842-0EC26DE37E9D}.Release|Any CPU.Build.0 = Release|Any CPU
	EndGlobalSection
	GlobalSection(SolutionProperties) = preSolution
		HideSolutionNode = FALSE
	EndGlobalSection
	GlobalSection(ExtensibilityGlobals) = postSolution
		SolutionGuid = {EF77F8F8-FE22-4F4F-BD3B-3A15C17182EA}
	EndGlobalSection
EndGlobal
